
Microsoft Visual Studio Solution File, Format Version 12.00
# Visual Studio Version 16
VisualStudioVersion = 16.0.30011.22
MinimumVisualStudioVersion = 10.0.40219.1
Project("{2150E333-8FDC-42A3-9474-1A3956D46DE8}") = "src", "src", "{BC6254E0-7140-4E74-AECE-F1BA15831FA8}"
EndProject
Project("{2150E333-8FDC-42A3-9474-1A3956D46DE8}") = "tests", "tests", "{3304EC98-0205-4762-835A-2FE7DECC67A0}"
EndProject
Project("{9A19103F-16F7-4668-BE54-9A1E7A4F7556}") = "OrderProcessorConsoleApp", "src\OrderProcessor.ConsoleApp\OrderProcessorConsoleApp.csproj", "{45266CA0-890E-47BC-9249-A540E22ED8EE}"
EndProject
Project("{9A19103F-16F7-4668-BE54-9A1E7A4F7556}") = "OrderProcessor.Domain", "src\OrderProcessor.Domain\OrderProcessor.Domain.csproj", "{1C78D1B6-5BEF-4A1A-B96D-4B55247A295E}"
EndProject
Project("{9A19103F-16F7-4668-BE54-9A1E7A4F7556}") = "OrderProcessor.Models", "src\OrderProcessor.Models\OrderProcessor.Models.csproj", "{19FE0508-7354-4445-9C8B-C1B197ABD5D0}"
EndProject
Project("{9A19103F-16F7-4668-BE54-9A1E7A4F7556}") = "OrderProcessor.Domain.Tests", "tests\OrderProcessor.Domain.Tests\OrderProcessor.Domain.Tests.csproj", "{237AE50F-7744-46F9-95C2-50DD9CD180E6}"
EndProject
Global
	GlobalSection(SolutionConfigurationPlatforms) = preSolution
		Debug|Any CPU = Debug|Any CPU
		Release|Any CPU = Release|Any CPU
	EndGlobalSection
	GlobalSection(ProjectConfigurationPlatforms) = postSolution
		{45266CA0-890E-47BC-9249-A540E22ED8EE}.Debug|Any CPU.ActiveCfg = Debug|Any CPU
		{45266CA0-890E-47BC-9249-A540E22ED8EE}.Debug|Any CPU.Build.0 = Debug|Any CPU
		{45266CA0-890E-47BC-9249-A540E22ED8EE}.Release|Any CPU.ActiveCfg = Release|Any CPU
		{45266CA0-890E-47BC-9249-A540E22ED8EE}.Release|Any CPU.Build.0 = Release|Any CPU
		{1C78D1B6-5BEF-4A1A-B96D-4B55247A295E}.Debug|Any CPU.ActiveCfg = Debug|Any CPU
		{1C78D1B6-5BEF-4A1A-B96D-4B55247A295E}.Debug|Any CPU.Build.0 = Debug|Any CPU
		{1C78D1B6-5BEF-4A1A-B96D-4B55247A295E}.Release|Any CPU.ActiveCfg = Release|Any CPU
		{1C78D1B6-5BEF-4A1A-B96D-4B55247A295E}.Release|Any CPU.Build.0 = Release|Any CPU
		{19FE0508-7354-4445-9C8B-C1B197ABD5D0}.Debug|Any CPU.ActiveCfg = Debug|Any CPU
		{19FE0508-7354-4445-9C8B-C1B197ABD5D0}.Debug|Any CPU.Build.0 = Debug|Any CPU
		{19FE0508-7354-4445-9C8B-C1B197ABD5D0}.Release|Any CPU.ActiveCfg = Release|Any CPU
		{19FE0508-7354-4445-9C8B-C1B197ABD5D0}.Release|Any CPU.Build.0 = Release|Any CPU
		{237AE50F-7744-46F9-95C2-50DD9CD180E6}.Debug|Any CPU.ActiveCfg = Debug|Any CPU
		{237AE50F-7744-46F9-95C2-50DD9CD180E6}.Debug|Any CPU.Build.0 = Debug|Any CPU
		{237AE50F-7744-46F9-95C2-50DD9CD180E6}.Release|Any CPU.ActiveCfg = Release|Any CPU
		{237AE50F-7744-46F9-95C2-50DD9CD180E6}.Release|Any CPU.Build.0 = Release|Any CPU
	EndGlobalSection
	GlobalSection(SolutionProperties) = preSolution
		HideSolutionNode = FALSE
	EndGlobalSection
	GlobalSection(NestedProjects) = preSolution
		{45266CA0-890E-47BC-9249-A540E22ED8EE} = {BC6254E0-7140-4E74-AECE-F1BA15831FA8}
		{1C78D1B6-5BEF-4A1A-B96D-4B55247A295E} = {BC6254E0-7140-4E74-AECE-F1BA15831FA8}
		{19FE0508-7354-4445-9C8B-C1B197ABD5D0} = {BC6254E0-7140-4E74-AECE-F1BA15831FA8}
		{237AE50F-7744-46F9-95C2-50DD9CD180E6} = {3304EC98-0205-4762-835A-2FE7DECC67A0}
	EndGlobalSection
	GlobalSection(ExtensibilityGlobals) = postSolution
		SolutionGuid = {F03A4085-25BF-4DAE-9B54-B694F9A4FB78}
	EndGlobalSection
EndGlobal
